
Microsoft Visual Studio Solution File, Format Version 12.00
# Visual Studio 2012
Project("{FAE04EC0-301F-11D3-BF4B-00C04F79EFBC}") = "plesklib", "plesklib.csproj", "{C9812B99-86A4-41BC-88AE-1C45F469EE51}"
EndProject
Project("{FAE04EC0-301F-11D3-BF4B-00C04F79EFBC}") = "plesklibTest", "..\plesklibTest\plesklibTest.csproj", "{626296BC-5298-4198-B315-768921F034F9}"
EndProject
Project("{FAE04EC0-301F-11D3-BF4B-00C04F79EFBC}") = "samples", "..\samples\samples.csproj", "{2F60A3BF-A942-45E9-80D5-256CB2F6DA64}"
EndProject
Project("{2150E333-8FDC-42A3-9474-1A3956D46DE8}") = ".nuget", ".nuget", "{8F9D07CF-AFBD-4655-AA87-08489167BD1D}"
	ProjectSection(SolutionItems) = preProject
		.nuget\packages.config = .nuget\packages.config
	EndProjectSection
EndProject
Global
	GlobalSection(SolutionConfigurationPlatforms) = preSolution
		Debug|Any CPU = Debug|Any CPU
		Release|Any CPU = Release|Any CPU
	EndGlobalSection
	GlobalSection(ProjectConfigurationPlatforms) = postSolution
		{C9812B99-86A4-41BC-88AE-1C45F469EE51}.Debug|Any CPU.ActiveCfg = Debug|Any CPU
		{C9812B99-86A4-41BC-88AE-1C45F469EE51}.Debug|Any CPU.Build.0 = Debug|Any CPU
		{C9812B99-86A4-41BC-88AE-1C45F469EE51}.Release|Any CPU.ActiveCfg = Release|Any CPU
		{C9812B99-86A4-41BC-88AE-1C45F469EE51}.Release|Any CPU.Build.0 = Release|Any CPU
		{626296BC-5298-4198-B315-768921F034F9}.Debug|Any CPU.ActiveCfg = Debug|Any CPU
		{626296BC-5298-4198-B315-768921F034F9}.Debug|Any CPU.Build.0 = Debug|Any CPU
		{626296BC-5298-4198-B315-768921F034F9}.Release|Any CPU.ActiveCfg = Release|Any CPU
		{626296BC-5298-4198-B315-768921F034F9}.Release|Any CPU.Build.0 = Release|Any CPU
		{2F60A3BF-A942-45E9-80D5-256CB2F6DA64}.Debug|Any CPU.ActiveCfg = Debug|Any CPU
		{2F60A3BF-A942-45E9-80D5-256CB2F6DA64}.Debug|Any CPU.Build.0 = Debug|Any CPU
		{2F60A3BF-A942-45E9-80D5-256CB2F6DA64}.Release|Any CPU.ActiveCfg = Release|Any CPU
		{2F60A3BF-A942-45E9-80D5-256CB2F6DA64}.Release|Any CPU.Build.0 = Release|Any CPU
	EndGlobalSection
	GlobalSection(SolutionProperties) = preSolution
		HideSolutionNode = FALSE
	EndGlobalSection
EndGlobal
